
Microsoft Visual Studio Solution File, Format Version 12.00
# Visual Studio Version 17
VisualStudioVersion = 17.2.32526.322
MinimumVisualStudioVersion = 10.0.40219.1
Project("{FAE04EC0-301F-11D3-BF4B-00C04F79EFBC}") = "TrackingApi", "TrackingApi\TrackingApi.csproj", "{6E8475D6-4233-4FD2-86B3-41840CA43606}"
EndProject
Global
	GlobalSection(SolutionConfigurationPlatforms) = preSolution
		Debug|Any CPU = Debug|Any CPU
		Release|Any CPU = Release|Any CPU
	EndGlobalSection
	GlobalSection(ProjectConfigurationPlatforms) = postSolution
		{6E8475D6-4233-4FD2-86B3-41840CA43606}.Debug|Any CPU.ActiveCfg = Debug|Any CPU
		{6E8475D6-4233-4FD2-86B3-41840CA43606}.Debug|Any CPU.Build.0 = Debug|Any CPU
		{6E8475D6-4233-4FD2-86B3-41840CA43606}.Release|Any CPU.ActiveCfg = Release|Any CPU
		{6E8475D6-4233-4FD2-86B3-41840CA43606}.Release|Any CPU.Build.0 = Release|Any CPU
	EndGlobalSection
	GlobalSection(SolutionProperties) = preSolution
		HideSolutionNode = FALSE
	EndGlobalSection
	GlobalSection(ExtensibilityGlobals) = postSolution
		SolutionGuid = {1B080937-3D95-401A-9AB2-9D4BF7341B9A}
	EndGlobalSection
EndGlobal
